
Microsoft Visual Studio Solution File, Format Version 12.00
# Visual Studio 15
VisualStudioVersion = 15.0.28307.572
MinimumVisualStudioVersion = 10.0.40219.1
Project("{FAE04EC0-301F-11D3-BF4B-00C04F79EFBC}") = "电梯调度", "电梯调度\电梯调度.csproj", "{28177F8D-3E8E-42E7-88E3-FDFF053E2148}"
EndProject
Global
	GlobalSection(SolutionConfigurationPlatforms) = preSolution
		Debug|Any CPU = Debug|Any CPU
		Release|Any CPU = Release|Any CPU
	EndGlobalSection
	GlobalSection(ProjectConfigurationPlatforms) = postSolution
		{28177F8D-3E8E-42E7-88E3-FDFF053E2148}.Debug|Any CPU.ActiveCfg = Debug|Any CPU
		{28177F8D-3E8E-42E7-88E3-FDFF053E2148}.Debug|Any CPU.Build.0 = Debug|Any CPU
		{28177F8D-3E8E-42E7-88E3-FDFF053E2148}.Release|Any CPU.ActiveCfg = Release|Any CPU
		{28177F8D-3E8E-42E7-88E3-FDFF053E2148}.Release|Any CPU.Build.0 = Release|Any CPU
	EndGlobalSection
	GlobalSection(SolutionProperties) = preSolution
		HideSolutionNode = FALSE
	EndGlobalSection
	GlobalSection(ExtensibilityGlobals) = postSolution
		SolutionGuid = {690AB02D-D568-4278-B940-FA4FB47DFCBD}
	EndGlobalSection
EndGlobal
